Microsoft Visual Studio Solution File, Format Version 12.00
# Visual Studio Version 17
VisualStudioVersion = 17.5.2.0
MinimumVisualStudioVersion = 10.0.40219.1
Project("{FAE04EC0-301F-11D3-BF4B-00C04F79EFBC}") = "sayitahmin", "sayitahmin.csproj", "{7D521AFF-365F-432D-A9A6-E92E624ABDDB}"
EndProject
Global
	GlobalSection(SolutionConfigurationPlatforms) = preSolution
		Debug|Any CPU = Debug|Any CPU
		Release|Any CPU = Release|Any CPU
	EndGlobalSection
	GlobalSection(ProjectConfigurationPlatforms) = postSolution
		{7D521AFF-365F-432D-A9A6-E92E624ABDDB}.Debug|Any CPU.ActiveCfg = Debug|Any CPU
		{7D521AFF-365F-432D-A9A6-E92E624ABDDB}.Debug|Any CPU.Build.0 = Debug|Any CPU
		{7D521AFF-365F-432D-A9A6-E92E624ABDDB}.Release|Any CPU.ActiveCfg = Release|Any CPU
		{7D521AFF-365F-432D-A9A6-E92E624ABDDB}.Release|Any CPU.Build.0 = Release|Any CPU
	EndGlobalSection
	GlobalSection(SolutionProperties) = preSolution
		HideSolutionNode = FALSE
	EndGlobalSection
	GlobalSection(ExtensibilityGlobals) = postSolution
		SolutionGuid = {B4D31597-8FE3-4204-BD32-458C722D40B5}
	EndGlobalSection
EndGlobal
